
Microsoft Visual Studio Solution File, Format Version 12.00
# Visual Studio Version 16
VisualStudioVersion = 16.0.28803.202
MinimumVisualStudioVersion = 10.0.40219.1
Project("{FAE04EC0-301F-11D3-BF4B-00C04F79EFBC}") = "WPFMVVMDemo", "WPFMVVMDemo\WPFMVVMDemo.csproj", "{FA513F70-981D-4F22-9F0F-6E53F9CB2C7A}"
EndProject
Global
	GlobalSection(SolutionConfigurationPlatforms) = preSolution
		Debug|Any CPU = Debug|Any CPU
		Release|Any CPU = Release|Any CPU
	EndGlobalSection
	GlobalSection(ProjectConfigurationPlatforms) = postSolution
		{FA513F70-981D-4F22-9F0F-6E53F9CB2C7A}.Debug|Any CPU.ActiveCfg = Debug|Any CPU
		{FA513F70-981D-4F22-9F0F-6E53F9CB2C7A}.Debug|Any CPU.Build.0 = Debug|Any CPU
		{FA513F70-981D-4F22-9F0F-6E53F9CB2C7A}.Release|Any CPU.ActiveCfg = Release|Any CPU
		{FA513F70-981D-4F22-9F0F-6E53F9CB2C7A}.Release|Any CPU.Build.0 = Release|Any CPU
	EndGlobalSection
	GlobalSection(SolutionProperties) = preSolution
		HideSolutionNode = FALSE
	EndGlobalSection
	GlobalSection(ExtensibilityGlobals) = postSolution
		SolutionGuid = {AA6CACFB-C320-4F7E-99CC-29A781DA78CC}
	EndGlobalSection
EndGlobal
